
Microsoft Visual Studio Solution File, Format Version 12.00
# Visual Studio Version 16
VisualStudioVersion = 16.0.31624.102
MinimumVisualStudioVersion = 10.0.40219.1
Project("{9A19103F-16F7-4668-BE54-9A1E7A4F7556}") = "InMemoryApp.Web", "InMemoryApp.Web\InMemoryApp.Web.csproj", "{5B97A85C-B596-43FE-9102-90244B3321FA}"
EndProject
Project("{9A19103F-16F7-4668-BE54-9A1E7A4F7556}") = "IDistributedCacheRedisApp.Web", "IDistributedCacheRedisApp.Web\IDistributedCacheRedisApp.Web.csproj", "{98BFBF01-DFF3-4AD5-8B96-2BE15ED72DA1}"
EndProject
Project("{FAE04EC0-301F-11D3-BF4B-00C04F79EFBC}") = "RedisExchangeAPI.Web", "RedisExchangeAPI.Web\RedisExchangeAPI.Web.csproj", "{A601E22F-409C-4E6F-809E-34D1B0FE1CEE}"
EndProject
Global
	GlobalSection(SolutionConfigurationPlatforms) = preSolution
		Debug|Any CPU = Debug|Any CPU
		Release|Any CPU = Release|Any CPU
	EndGlobalSection
	GlobalSection(ProjectConfigurationPlatforms) = postSolution
		{5B97A85C-B596-43FE-9102-90244B3321FA}.Debug|Any CPU.ActiveCfg = Debug|Any CPU
		{5B97A85C-B596-43FE-9102-90244B3321FA}.Debug|Any CPU.Build.0 = Debug|Any CPU
		{5B97A85C-B596-43FE-9102-90244B3321FA}.Release|Any CPU.ActiveCfg = Release|Any CPU
		{5B97A85C-B596-43FE-9102-90244B3321FA}.Release|Any CPU.Build.0 = Release|Any CPU
		{98BFBF01-DFF3-4AD5-8B96-2BE15ED72DA1}.Debug|Any CPU.ActiveCfg = Debug|Any CPU
		{98BFBF01-DFF3-4AD5-8B96-2BE15ED72DA1}.Debug|Any CPU.Build.0 = Debug|Any CPU
		{98BFBF01-DFF3-4AD5-8B96-2BE15ED72DA1}.Release|Any CPU.ActiveCfg = Release|Any CPU
		{98BFBF01-DFF3-4AD5-8B96-2BE15ED72DA1}.Release|Any CPU.Build.0 = Release|Any CPU
		{A601E22F-409C-4E6F-809E-34D1B0FE1CEE}.Debug|Any CPU.ActiveCfg = Debug|Any CPU
		{A601E22F-409C-4E6F-809E-34D1B0FE1CEE}.Debug|Any CPU.Build.0 = Debug|Any CPU
		{A601E22F-409C-4E6F-809E-34D1B0FE1CEE}.Release|Any CPU.ActiveCfg = Release|Any CPU
		{A601E22F-409C-4E6F-809E-34D1B0FE1CEE}.Release|Any CPU.Build.0 = Release|Any CPU
	EndGlobalSection
	GlobalSection(SolutionProperties) = preSolution
		HideSolutionNode = FALSE
	EndGlobalSection
	GlobalSection(ExtensibilityGlobals) = postSolution
		SolutionGuid = {86965835-5E05-46AC-A91E-F5C5263C1A1A}
	EndGlobalSection
EndGlobal
